{
  "requires": true,
  "lockfileVersion": 1,
  "dependencies": {
    "@babel/runtime": {
      "version": "7.13.7",
      "resolved": "https://registry.npmjs.org/@babel/runtime/-/runtime-7.13.7.tgz",
      "integrity": "sha512-h+ilqoX998mRVM5FtB5ijRuHUDVt5l3yfoOi2uh18Z/O3hvyaHQ39NpxVkCIG5yFs+mLq/ewFp8Bss6zmWv6ZA==",
      "requires": {
        "regenerator-runtime": "^0.13.4"
      }
    },
    "@filmgardi/videojs-subtitle-settings": {
      "version": "1.0.2",
      "resolved": "https://registry.npmjs.org/@filmgardi/videojs-subtitle-settings/-/videojs-subtitle-settings-1.0.2.tgz",
      "integrity": "sha512-Kz+gNHZ6aHHOMAhHHQNFuz05Ov2tTY4MUYyaxSxdcvtyzSkBCIUU8HJtomRgS+UOsIK9fsbnqRItd0fRW1hrBg==",
      "requires": {
        "global": "^4.3.2",
        "video.js": "^6 || ^7"
      }
    },
    "@videojs/http-streaming": {
      "version": "2.4.2",
      "resolved": "https://registry.npmjs.org/@videojs/http-streaming/-/http-streaming-2.4.2.tgz",
      "integrity": "sha512-yXT85ao2t9Sg/aQN2MV1AYikoRToxCaHD8rRR1+SuOWOv9+z8+M4X9ZvxIdFF3pFgZ67Widp/6xyRrDn2u2QWQ==",
      "requires": {
        "@babel/runtime": "^7.12.5",
        "@videojs/vhs-utils": "^2.3.0",
        "aes-decrypter": "3.1.0",
        "global": "^4.4.0",
        "m3u8-parser": "4.5.0",
        "mpd-parser": "0.15.0",
        "mux.js": "5.8.0",
        "video.js": "^6 || ^7"
      }
    },
    "@videojs/vhs-utils": {
      "version": "2.3.0",
      "resolved": "https://registry.npmjs.org/@videojs/vhs-utils/-/vhs-utils-2.3.0.tgz",
      "integrity": "sha512-ThSmm91S7tuIJ757ON50K4y7S/bvKN4+B0tu303gCOxaG57PoP1UvPfMQZ90XGhxwNgngexVojOqbBHhTvXVHQ==",
      "requires": {
        "@babel/runtime": "^7.5.5",
        "global": "^4.3.2",
        "url-toolkit": "^2.1.6"
      }
    },
    "@videojs/xhr": {
      "version": "2.5.1",
      "resolved": "https://registry.npmjs.org/@videojs/xhr/-/xhr-2.5.1.tgz",
      "integrity": "sha512-wV9nGESHseSK+S9ePEru2+OJZ1jq/ZbbzniGQ4weAmTIepuBMSYPx5zrxxQA0E786T5ykpO8ts+LayV+3/oI2w==",
      "requires": {
        "@babel/runtime": "^7.5.5",
        "global": "~4.4.0",
        "is-function": "^1.0.1"
      }
    },
    "aes-decrypter": {
      "version": "3.1.0",
      "resolved": "https://registry.npmjs.org/aes-decrypter/-/aes-decrypter-3.1.0.tgz",
      "integrity": "sha512-wL1NFwP2yNrJG4InpXYFhhYe9TfonnDyhyxMq2+K9/qt+SrZzUieOpviN6pkDly7GawTqw5feehk0rn5iYo00g==",
      "requires": {
        "@babel/runtime": "^7.5.5",
        "@videojs/vhs-utils": "^2.2.1",
        "global": "^4.3.2",
        "pkcs7": "^1.0.4"
      }
    },
    "babel-runtime": {
      "version": "6.26.0",
      "resolved": "https://registry.npmjs.org/babel-runtime/-/babel-runtime-6.26.0.tgz",
      "integrity": "sha1-llxwWGaOgrVde/4E/yM3vItWR/4=",
      "requires": {
        "core-js": "^2.4.0",
        "regenerator-runtime": "^0.11.0"
      },
      "dependencies": {
        "regenerator-runtime": {
          "version": "0.11.1",
          "resolved": "https://registry.npmjs.org/regenerator-runtime/-/regenerator-runtime-0.11.1.tgz",
          "integrity": "sha512-MguG95oij0fC3QV3URf4V2SDYGJhJnJGqvIIgdECeODCT98wSWDAJ94SSuVpYQUoTcGUIL6L4yNB7j1DFFHSBg=="
        }
      }
    },
    "call-bind": {
      "version": "1.0.2",
      "resolved": "https://registry.npmjs.org/call-bind/-/call-bind-1.0.2.tgz",
      "integrity": "sha512-7O+FbCihrB5WGbFYesctwmTKae6rOiIzmz1icreWJ+0aA7LJfuqhEso2T9ncpcFtzMQtzXf2QGGueWJGTYsqrA==",
      "requires": {
        "function-bind": "^1.1.1",
        "get-intrinsic": "^1.0.2"
      }
    },
    "core-js": {
      "version": "2.6.12",
      "resolved": "https://registry.npmjs.org/core-js/-/core-js-2.6.12.tgz",
      "integrity": "sha512-Kb2wC0fvsWfQrgk8HU5lW6U/Lcs8+9aaYcy4ZFc6DDlo4nZ7n70dEgE5rtR0oG6ufKDUnrwfWL1mXR5ljDatrQ=="
    },
    "custom-event-polyfill": {
      "version": "1.0.7",
      "resolved": "https://registry.npmjs.org/custom-event-polyfill/-/custom-event-polyfill-1.0.7.tgz",
      "integrity": "sha512-TDDkd5DkaZxZFM8p+1I3yAlvM3rSr1wbrOliG4yJiwinMZN8z/iGL7BTlDkrJcYTmgUSb4ywVCc3ZaUtOtC76w=="
    },
    "define-properties": {
      "version": "1.1.3",
      "resolved": "https://registry.npmjs.org/define-properties/-/define-properties-1.1.3.tgz",
      "integrity": "sha512-3MqfYKj2lLzdMSf8ZIZE/V+Zuy+BgD6f164e8K2w7dgnpKArBDerGYpM46IYYcjnkdPNMjPk9A6VFB8+3SKlXQ==",
      "requires": {
        "object-keys": "^1.0.12"
      }
    },
    "dom-walk": {
      "version": "0.1.2",
      "resolved": "https://registry.npmjs.org/dom-walk/-/dom-walk-0.1.2.tgz",
      "integrity": "sha512-6QvTW9mrGeIegrFXdtQi9pk7O/nSK6lSdXW2eqUspN5LWD7UTji2Fqw5V2YLjBpHEoU9Xl/eUWNpDeZvoyOv2w=="
    },
    "es5-shim": {
      "version": "4.5.15",
      "resolved": "https://registry.npmjs.org/es5-shim/-/es5-shim-4.5.15.tgz",
      "integrity": "sha512-FYpuxEjMeDvU4rulKqFdukQyZSTpzhg4ScQHrAosrlVpR6GFyaw14f74yn2+4BugniIS0Frpg7TvwZocU4ZMTw=="
    },
    "function-bind": {
      "version": "1.1.1",
      "resolved": "https://registry.npmjs.org/function-bind/-/function-bind-1.1.1.tgz",
      "integrity": "sha512-yIovAzMX49sF8Yl58fSCWJ5svSLuaibPxXQJFLmBObTuCr0Mf1KiPopGM9NiFjiYBCbfaa2Fh6breQ6ANVTI0A=="
    },
    "get-intrinsic": {
      "version": "1.1.1",
      "resolved": "https://registry.npmjs.org/get-intrinsic/-/get-intrinsic-1.1.1.tgz",
      "integrity": "sha512-kWZrnVM42QCiEA2Ig1bG8zjoIMOgxWwYCEeNdwY6Tv/cOSeGpcoX4pXHfKUxNKVoArnrEr2e9srnAxxGIraS9Q==",
      "requires": {
        "function-bind": "^1.1.1",
        "has": "^1.0.3",
        "has-symbols": "^1.0.1"
      }
    },
    "global": {
      "version": "4.4.0",
      "resolved": "https://registry.npmjs.org/global/-/global-4.4.0.tgz",
      "integrity": "sha512-wv/LAoHdRE3BeTGz53FAamhGlPLhlssK45usmGFThIi4XqnBmjKQ16u+RNbP7WvigRZDxUsM0J3gcQ5yicaL0w==",
      "requires": {
        "min-document": "^2.19.0",
        "process": "^0.11.10"
      }
    },
    "has": {
      "version": "1.0.3",
      "resolved": "https://registry.npmjs.org/has/-/has-1.0.3.tgz",
      "integrity": "sha512-f2dvO0VU6Oej7RkWJGrehjbzMAjFp5/VKPp5tTpWIV4JHHZK1/BxbFRtf/siA2SWTe09caDmVtYYzWEIbBS4zw==",
      "requires": {
        "function-bind": "^1.1.1"
      }
    },
    "has-symbols": {
      "version": "1.0.1",
      "resolved": "https://registry.npmjs.org/has-symbols/-/has-symbols-1.0.1.tgz",
      "integrity": "sha512-PLcsoqu++dmEIZB+6totNFKq/7Do+Z0u4oT0zKOJNl3lYK6vGwwu2hjHs+68OEZbTjiUE9bgOABXbP/GvrS0Kg=="
    },
    "individual": {
      "version": "2.0.0",
      "resolved": "https://registry.npmjs.org/individual/-/individual-2.0.0.tgz",
      "integrity": "sha1-gzsJfa0jKU52EXqY+zjg2a1hu5c="
    },
    "is-function": {
      "version": "1.0.2",
      "resolved": "https://registry.npmjs.org/is-function/-/is-function-1.0.2.tgz",
      "integrity": "sha512-lw7DUp0aWXYg+CBCN+JKkcE0Q2RayZnSvnZBlwgxHBQhqt5pZNVy4Ri7H9GmmXkdu7LUthszM+Tor1u/2iBcpQ=="
    },
    "keycode": {
      "version": "2.2.0",
      "resolved": "https://registry.npmjs.org/keycode/-/keycode-2.2.0.tgz",
      "integrity": "sha1-PQr1bce4uOXLqNCpfxByBO7CKwQ="
    },
    "loadjs": {
      "version": "4.2.0",
      "resolved": "https://registry.npmjs.org/loadjs/-/loadjs-4.2.0.tgz",
      "integrity": "sha512-AgQGZisAlTPbTEzrHPb6q+NYBMD+DP9uvGSIjSUM5uG+0jG15cb8axWpxuOIqrmQjn6scaaH8JwloiP27b2KXA=="
    },
    "m3u8-parser": {
      "version": "4.5.0",
      "resolved": "https://registry.npmjs.org/m3u8-parser/-/m3u8-parser-4.5.0.tgz",
      "integrity": "sha512-RGm/1WVCX3o1bSWbJGmJUu4zTbtJy8lImtgHM4CESFvJRXYztr1j6SW/q9/ghYOrUjgH7radsIar+z1Leln0sA==",
      "requires": {
        "@babel/runtime": "^7.5.5",
        "@videojs/vhs-utils": "^2.2.1",
        "global": "^4.3.2"
      }
    },
    "min-document": {
      "version": "2.19.0",
      "resolved": "https://registry.npmjs.org/min-document/-/min-document-2.19.0.tgz",
      "integrity": "sha1-e9KC4/WELtKVu3SM3Z8f+iyCRoU=",
      "requires": {
        "dom-walk": "^0.1.0"
      }
    },
    "mpd-parser": {
      "version": "0.15.0",
      "resolved": "https://registry.npmjs.org/mpd-parser/-/mpd-parser-0.15.0.tgz",
      "integrity": "sha512-GfspJVaEnVbWKZQASvh9nsJkvxWh3M/c5Kb2RPnN5ZXPZ7jWWfarWkNKTEuqvoaAKIT8IB/r6PFTWA1GY4fzGg==",
      "requires": {
        "@babel/runtime": "^7.5.5",
        "@videojs/vhs-utils": "^2.2.1",
        "global": "^4.3.2",
        "xmldom": "^0.1.27"
      }
    },
    "mux.js": {
      "version": "5.8.0",
      "resolved": "https://registry.npmjs.org/mux.js/-/mux.js-5.8.0.tgz",
      "integrity": "sha512-v56I2YPyCq1bVbXW7vcuvQs8iHrDy7AeXsZyG1kxCxBUqUjZD0Xq/cU1wrd5dy9YTxRpvw37aTQ4ILwi40GXiw=="
    },
    "object-keys": {
      "version": "1.1.1",
      "resolved": "https://registry.npmjs.org/object-keys/-/object-keys-1.1.1.tgz",
      "integrity": "sha512-NuAESUOUMrlIXOfHKzD6bpPu3tYt3xvjNdRIQ+FeT0lNb4K8WR70CaDxhuNguS2XG+GjkyMwOzsN5ZktImfhLA=="
    },
    "object.assign": {
      "version": "4.1.2",
      "resolved": "https://registry.npmjs.org/object.assign/-/object.assign-4.1.2.tgz",
      "integrity": "sha512-ixT2L5THXsApyiUPYKmW+2EHpXXe5Ii3M+f4e+aJFAHao5amFRW6J0OO6c/LU8Be47utCx2GL89hxGB6XSmKuQ==",
      "requires": {
        "call-bind": "^1.0.0",
        "define-properties": "^1.1.3",
        "has-symbols": "^1.0.1",
        "object-keys": "^1.1.1"
      }
    },
    "parse-headers": {
      "version": "2.0.3",
      "resolved": "https://registry.npmjs.org/parse-headers/-/parse-headers-2.0.3.tgz",
      "integrity": "sha512-QhhZ+DCCit2Coi2vmAKbq5RGTRcQUOE2+REgv8vdyu7MnYx2eZztegqtTx99TZ86GTIwqiy3+4nQTWZ2tgmdCA=="
    },
    "pkcs7": {
      "version": "1.0.4",
      "resolved": "https://registry.npmjs.org/pkcs7/-/pkcs7-1.0.4.tgz",
      "integrity": "sha512-afRERtHn54AlwaF2/+LFszyAANTCggGilmcmILUzEjvs3XgFZT+xE6+QWQcAGmu4xajy+Xtj7acLOPdx5/eXWQ==",
      "requires": {
        "@babel/runtime": "^7.5.5"
      }
    },
    "plyr": {
      "version": "3.6.4",
      "resolved": "https://registry.npmjs.org/plyr/-/plyr-3.6.4.tgz",
      "integrity": "sha512-l0EKsRxhwGtzpPJhs+okusogXRiJaagNaGYlj+iiyqyNzjh0ef5bhxNLsKhpsGvvZMnfV/KbOvIva+qeNCA9ng==",
      "requires": {
        "core-js": "^3.8.1",
        "custom-event-polyfill": "^1.0.7",
        "loadjs": "^4.2.0",
        "rangetouch": "^2.0.1",
        "url-polyfill": "^1.1.12"
      },
      "dependencies": {
        "core-js": {
          "version": "3.9.0",
          "resolved": "https://registry.npmjs.org/core-js/-/core-js-3.9.0.tgz",
          "integrity": "sha512-PyFBJaLq93FlyYdsndE5VaueA9K5cNB7CGzeCj191YYLhkQM0gdZR2SKihM70oF0wdqKSKClv/tEBOpoRmdOVQ=="
        }
      }
    },
    "process": {
      "version": "0.11.10",
      "resolved": "https://registry.npmjs.org/process/-/process-0.11.10.tgz",
      "integrity": "sha1-czIwDoQBYb2j5podHZGn1LwW8YI="
    },
    "rangetouch": {
      "version": "2.0.1",
      "resolved": "https://registry.npmjs.org/rangetouch/-/rangetouch-2.0.1.tgz",
      "integrity": "sha512-sln+pNSc8NGaHoLzwNBssFSf/rSYkqeBXzX1AtJlkJiUaVSJSbRAWJk+4omsXkN+EJalzkZhWQ3th1m0FpR5xA=="
    },
    "regenerator-runtime": {
      "version": "0.13.7",
      "resolved": "https://registry.npmjs.org/regenerator-runtime/-/regenerator-runtime-0.13.7.tgz",
      "integrity": "sha512-a54FxoJDIr27pgf7IgeQGxmqUNYrcV338lf/6gH456HZ/PhX+5BcwHXG9ajESmwe6WRO0tAzRUrRmNONWgkrew=="
    },
    "rust-result": {
      "version": "1.0.0",
      "resolved": "https://registry.npmjs.org/rust-result/-/rust-result-1.0.0.tgz",
      "integrity": "sha1-NMdbLm3Dn+WHXlveyFteD5FTb3I=",
      "requires": {
        "individual": "^2.0.0"
      }
    },
    "safe-json-parse": {
      "version": "4.0.0",
      "resolved": "https://registry.npmjs.org/safe-json-parse/-/safe-json-parse-4.0.0.tgz",
      "integrity": "sha1-fA9XjPzNEtM6ccDgVBPi7KFx6qw=",
      "requires": {
        "rust-result": "^1.0.0"
      }
    },
    "tsml": {
      "version": "1.0.1",
      "resolved": "https://registry.npmjs.org/tsml/-/tsml-1.0.1.tgz",
      "integrity": "sha1-ifghi52eJX9H1/a1bQHFpNLGj8M="
    },
    "url-polyfill": {
      "version": "1.1.12",
      "resolved": "https://registry.npmjs.org/url-polyfill/-/url-polyfill-1.1.12.tgz",
      "integrity": "sha512-mYFmBHCapZjtcNHW0MDq9967t+z4Dmg5CJ0KqysK3+ZbyoNOWQHksGCTWwDhxGXllkWlOc10Xfko6v4a3ucM6A=="
    },
    "url-toolkit": {
      "version": "2.2.1",
      "resolved": "https://registry.npmjs.org/url-toolkit/-/url-toolkit-2.2.1.tgz",
      "integrity": "sha512-8+DzgrtDZYZGhHaAop5WGVghMdCfOLGbhcArsJD0qDll71FXa7EeKxi2hilPIscn2nwMz4PRjML32Sz4JTN0Xw=="
    },
    "video.js": {
      "version": "7.11.4",
      "resolved": "https://registry.npmjs.org/video.js/-/video.js-7.11.4.tgz",
      "integrity": "sha512-eT9n7YCugHyWNHI2gyK28XoozNmLiW4F9dRYEP6ET/JVmm7oXPhLeVfs5kqcRviquISqWsvsNmhK1b9vvZzyVA==",
      "requires": {
        "@babel/runtime": "^7.9.2",
        "@videojs/http-streaming": "2.4.2",
        "@videojs/xhr": "2.5.1",
        "global": "4.3.2",
        "keycode": "^2.2.0",
        "safe-json-parse": "4.0.0",
        "videojs-font": "3.2.0",
        "videojs-vtt.js": "^0.15.2"
      },
      "dependencies": {
        "global": {
          "version": "4.3.2",
          "resolved": "https://registry.npmjs.org/global/-/global-4.3.2.tgz",
          "integrity": "sha1-52mJJopsdMOJCLEwWxD8DjlOnQ8=",
          "requires": {
            "min-document": "^2.19.0",
            "process": "~0.5.1"
          }
        },
        "process": {
          "version": "0.5.2",
          "resolved": "https://registry.npmjs.org/process/-/process-0.5.2.tgz",
          "integrity": "sha1-FjjYqONML0QKkduVq5rrZ3/Bhc8="
        },
        "videojs-font": {
          "version": "3.2.0",
          "resolved": "https://registry.npmjs.org/videojs-font/-/videojs-font-3.2.0.tgz",
          "integrity": "sha512-g8vHMKK2/JGorSfqAZQUmYYNnXmfec4MLhwtEFS+mMs2IDY398GLysy6BH6K+aS1KMNu/xWZ8Sue/X/mdQPliA=="
        },
        "videojs-vtt.js": {
          "version": "0.15.2",
          "resolved": "https://registry.npmjs.org/videojs-vtt.js/-/videojs-vtt.js-0.15.2.tgz",
          "integrity": "sha512-kEo4hNMvu+6KhPvVYPKwESruwhHC3oFis133LwhXHO9U7nRnx0RiJYMiqbgwjgazDEXHR6t8oGJiHM6wq5XlAw==",
          "requires": {
            "global": "^4.3.1"
          }
        }
      }
    },
    "videojs-chromecast": {
      "version": "2.0.8",
      "resolved": "https://registry.npmjs.org/videojs-chromecast/-/videojs-chromecast-2.0.8.tgz",
      "integrity": "sha1-VeKRHPXMQnl0wdjoDU0iEk0VLvk=",
      "requires": {
        "global": "^4.3.0",
        "object.assign": "^4.0.3",
        "video.js": "^5.0.0"
      },
      "dependencies": {
        "process": {
          "version": "0.5.2",
          "resolved": "https://registry.npmjs.org/process/-/process-0.5.2.tgz",
          "integrity": "sha1-FjjYqONML0QKkduVq5rrZ3/Bhc8="
        },
        "video.js": {
          "version": "5.20.5",
          "resolved": "https://registry.npmjs.org/video.js/-/video.js-5.20.5.tgz",
          "integrity": "sha1-RFza4gS85Fl4LYajGyWjKv1tjv8=",
          "requires": {
            "babel-runtime": "^6.9.2",
            "global": "4.3.0",
            "safe-json-parse": "4.0.0",
            "tsml": "1.0.1",
            "videojs-font": "2.0.0",
            "videojs-ie8": "1.1.2",
            "videojs-swf": "5.4.1",
            "videojs-vtt.js": "0.12.6",
            "xhr": "2.2.2"
          },
          "dependencies": {
            "global": {
              "version": "4.3.0",
              "resolved": "https://registry.npmjs.org/global/-/global-4.3.0.tgz",
              "integrity": "sha1-737EvurVebRU9evV5/MD21T0Kis=",
              "requires": {
                "min-document": "^2.6.1",
                "process": "~0.5.1"
              }
            }
          }
        }
      }
    },
    "videojs-font": {
      "version": "2.0.0",
      "resolved": "https://registry.npmjs.org/videojs-font/-/videojs-font-2.0.0.tgz",
      "integrity": "sha1-r3Rh751LleAzS/+3iy8v8DZKkDQ="
    },
    "videojs-ie8": {
      "version": "1.1.2",
      "resolved": "https://registry.npmjs.org/videojs-ie8/-/videojs-ie8-1.1.2.tgz",
      "integrity": "sha1-oj09hgitcZK2nGB3/E64SJmNNdk=",
      "requires": {
        "es5-shim": "^4.5.1"
      }
    },
    "videojs-swf": {
      "version": "5.4.1",
      "resolved": "https://registry.npmjs.org/videojs-swf/-/videojs-swf-5.4.1.tgz",
      "integrity": "sha1-IHfvccdJ8seCPvSbq65N0qywj4c="
    },
    "videojs-vtt.js": {
      "version": "0.12.6",
      "resolved": "https://registry.npmjs.org/videojs-vtt.js/-/videojs-vtt.js-0.12.6.tgz",
      "integrity": "sha512-XFXeGBQiljnElMhwCcZst0RDbZn2n8LU7ZScXryd3a00OaZsHAjdZu/7/RdSr7Z1jHphd45FnOvOQkGK4YrWCQ==",
      "requires": {
        "global": "^4.3.1"
      }
    },
    "xhr": {
      "version": "2.2.2",
      "resolved": "https://registry.npmjs.org/xhr/-/xhr-2.2.2.tgz",
      "integrity": "sha1-LuclcYafhobUFVmp6ihsGJcUNf8=",
      "requires": {
        "global": "~4.3.0",
        "is-function": "^1.0.1",
        "parse-headers": "^2.0.0",
        "xtend": "^4.0.0"
      },
      "dependencies": {
        "global": {
          "version": "4.3.2",
          "resolved": "https://registry.npmjs.org/global/-/global-4.3.2.tgz",
          "integrity": "sha1-52mJJopsdMOJCLEwWxD8DjlOnQ8=",
          "requires": {
            "min-document": "^2.19.0",
            "process": "~0.5.1"
          }
        },
        "process": {
          "version": "0.5.2",
          "resolved": "https://registry.npmjs.org/process/-/process-0.5.2.tgz",
          "integrity": "sha1-FjjYqONML0QKkduVq5rrZ3/Bhc8="
        }
      }
    },
    "xmldom": {
      "version": "0.1.31",
      "resolved": "https://registry.npmjs.org/xmldom/-/xmldom-0.1.31.tgz",
      "integrity": "sha512-yS2uJflVQs6n+CyjHoaBmVSqIDevTAWrzMmjG1Gc7h1qQ7uVozNhEPJAwZXWyGQ/Gafo3fCwrcaokezLPupVyQ=="
    },
    "xtend": {
      "version": "4.0.2",
      "resolved": "https://registry.npmjs.org/xtend/-/xtend-4.0.2.tgz",
      "integrity": "sha512-LKYU1iAXJXUgAXn9URjiu+MWhyUXHsvfp7mcuYm9dSUKK0/CjtrUwFAxD82/mCWbtLsGjFIad0wIsod4zrTAEQ=="
    }
  }
}
